// !$*UTF8*$!
{
	archiveVersion = 1;
	classes = {
	};
	objectVersion = 56;
	objects = {

/* Begin PBXBuildFile section */
		3A6515782B9A6FEF00BCD9E9 /* AppDelegate.swift in Sources */ = {isa = PBXBuildFile; fileRef = 3A6515772B9A6FEF00BCD9E9 /* AppDelegate.swift */; };
		3A65157A2B9A6FEF00BCD9E9 /* SceneDelegate.swift in Sources */ = {isa = PBXBuildFile; fileRef = 3A6515792B9A6FEF00BCD9E9 /* SceneDelegate.swift */; };
		3A65157F2B9A6FEF00BCD9E9 /* Main.storyboard in Resources */ = {isa = PBXBuildFile; fileRef = 3A65157D2B9A6FEF00BCD9E9 /* Main.storyboard */; };
		3A6515812B9A6FF000BCD9E9 /* Assets.xcassets in Resources */ = {isa = PBXBuildFile; fileRef = 3A6515802B9A6FF000BCD9E9 /* Assets.xcassets */; };
		3A6515842B9A6FF000BCD9E9 /* LaunchScreen.storyboard in Resources */ = {isa = PBXBuildFile; fileRef = 3A6515822B9A6FF000BCD9E9 /* LaunchScreen.storyboard */; };
		3A65158F2B9A6FF000BCD9E9 /* Reminder_AppTests.swift in Sources */ = {isa = PBXBuildFile; fileRef = 3A65158E2B9A6FF000BCD9E9 /* Reminder_AppTests.swift */; };
		3A6515992B9A6FF000BCD9E9 /* Reminder_AppUITests.swift in Sources */ = {isa = PBXBuildFile; fileRef = 3A6515982B9A6FF000BCD9E9 /* Reminder_AppUITests.swift */; };
		3A65159B2B9A6FF000BCD9E9 /* Reminder_AppUITestsLaunchTests.swift in Sources */ = {isa = PBXBuildFile; fileRef = 3A65159A2B9A6FF000BCD9E9 /* Reminder_AppUITestsLaunchTests.swift */; };
		3A6515A82B9A70DE00BCD9E9 /* ReminderViewController.swift in Sources */ = {isa = PBXBuildFile; fileRef = 3A6515A72B9A70DE00BCD9E9 /* ReminderViewController.swift */; };
		3A6515AA2B9A7E8400BCD9E9 /* DetailViewController.swift in Sources */ = {isa = PBXBuildFile; fileRef = 3A6515A92B9A7E8400BCD9E9 /* DetailViewController.swift */; };
		3A6515AD2B9A7EFF00BCD9E9 /* Reminder.swift in Sources */ = {isa = PBXBuildFile; fileRef = 3A6515AC2B9A7EFF00BCD9E9 /* Reminder.swift */; };
		3A6515AF2B9A801A00BCD9E9 /* ReminderList.swift in Sources */ = {isa = PBXBuildFile; fileRef = 3A6515AE2B9A801A00BCD9E9 /* ReminderList.swift */; };
		3AC3C9672B9F7A1F00E2A225 /* ReminderCell.swift in Sources */ = {isa = PBXBuildFile; fileRef = 3AC3C9662B9F7A1F00E2A225 /* ReminderCell.swift */; };
/* End PBXBuildFile section */

/* Begin PBXContainerItemProxy section */
		3A65158B2B9A6FF000BCD9E9 /* PBXContainerItemProxy */ = {
			isa = PBXContainerItemProxy;
			containerPortal = 3A65156C2B9A6FEF00BCD9E9 /* Project object */;
			proxyType = 1;
			remoteGlobalIDString = 3A6515732B9A6FEF00BCD9E9;
			remoteInfo = "Reminder App";
		};
		3A6515952B9A6FF000BCD9E9 /* PBXContainerItemProxy */ = {
			isa = PBXContainerItemProxy;
			containerPortal = 3A65156C2B9A6FEF00BCD9E9 /* Project object */;
			proxyType = 1;
			remoteGlobalIDString = 3A6515732B9A6FEF00BCD9E9;
			remoteInfo = "Reminder App";
		};
/* End PBXContainerItemProxy section */

/* Begin PBXFileReference section */
		3A6515742B9A6FEF00BCD9E9 /* Reminder App.app */ = {isa = PBXFileReference; explicitFileType = wrapper.application; includeInIndex = 0; path = "Reminder App.app"; sourceTree = BUILT_PRODUCTS_DIR; };
		3A6515772B9A6FEF00BCD9E9 /* AppDelegate.swift */ = {isa = PBXFileReference; lastKnownFileType = sourcecode.swift; path = AppDelegate.swift; sourceTree = "<group>"; };
		3A6515792B9A6FEF00BCD9E9 /* SceneDelegate.swift */ = {isa = PBXFileReference; lastKnownFileType = sourcecode.swift; path = SceneDelegate.swift; sourceTree = "<group>"; };
		3A65157E2B9A6FEF00BCD9E9 /* Base */ = {isa = PBXFileReference; lastKnownFileType = file.storyboard; name = Base; path = Base.lproj/Main.storyboard; sourceTree = "<group>"; };
		3A6515802B9A6FF000BCD9E9 /* Assets.xcassets */ = {isa = PBXFileReference; lastKnownFileType = folder.assetcatalog; path = Assets.xcassets; sourceTree = "<group>"; };
		3A6515832B9A6FF000BCD9E9 /* Base */ = {isa = PBXFileReference; lastKnownFileType = file.storyboard; name = Base; path = Base.lproj/LaunchScreen.storyboard; sourceTree = "<group>"; };
		3A6515852B9A6FF000BCD9E9 /* Info.plist */ = {isa = PBXFileReference; lastKnownFileType = text.plist.xml; path = Info.plist; sourceTree = "<group>"; };
		3A65158A2B9A6FF000BCD9E9 /* Reminder AppTests.xctest */ = {isa = PBXFileReference; explicitFileType = wrapper.cfbundle; includeInIndex = 0; path = "Reminder AppTests.xctest"; sourceTree = BUILT_PRODUCTS_DIR; };
		3A65158E2B9A6FF000BCD9E9 /* Reminder_AppTests.swift */ = {isa = PBXFileReference; lastKnownFileType = sourcecode.swift; path = Reminder_AppTests.swift; sourceTree = "<group>"; };
		3A6515942B9A6FF000BCD9E9 /* Reminder AppUITests.xctest */ = {isa = PBXFileReference; explicitFileType = wrapper.cfbundle; includeInIndex = 0; path = "Reminder AppUITests.xctest"; sourceTree = BUILT_PRODUCTS_DIR; };
		3A6515982B9A6FF000BCD9E9 /* Reminder_AppUITests.swift */ = {isa = PBXFileReference; lastKnownFileType = sourcecode.swift; path = Reminder_AppUITests.swift; sourceTree = "<group>"; };
		3A65159A2B9A6FF000BCD9E9 /* Reminder_AppUITestsLaunchTests.swift */ = {isa = PBXFileReference; lastKnownFileType = sourcecode.swift; path = Reminder_AppUITestsLaunchTests.swift; sourceTree = "<group>"; };
		3A6515A72B9A70DE00BCD9E9 /* ReminderViewController.swift */ = {isa = PBXFileReference; lastKnownFileType = sourcecode.swift; path = ReminderViewController.swift; sourceTree = "<group>"; };
		3A6515A92B9A7E8400BCD9E9 /* DetailViewController.swift */ = {isa = PBXFileReference; lastKnownFileType = sourcecode.swift; path = DetailViewController.swift; sourceTree = "<group>"; };
		3A6515AC2B9A7EFF00BCD9E9 /* Reminder.swift */ = {isa = PBXFileReference; lastKnownFileType = sourcecode.swift; path = Reminder.swift; sourceTree = "<group>"; };
		3A6515AE2B9A801A00BCD9E9 /* ReminderList.swift */ = {isa = PBXFileReference; lastKnownFileType = sourcecode.swift; path = ReminderList.swift; sourceTree = "<group>"; };
		3AC3C9662B9F7A1F00E2A225 /* ReminderCell.swift */ = {isa = PBXFileReference; lastKnownFileType = sourcecode.swift; path = ReminderCell.swift; sourceTree = "<group>"; };
/* End PBXFileReference section */

/* Begin PBXFrameworksBuildPhase section */
		3A6515712B9A6FEF00BCD9E9 /* Frameworks */ = {
			isa = PBXFrameworksBuildPhase;
			buildActionMask = 2147483647;
			files = (
			);
			runOnlyForDeploymentPostprocessing = 0;
		};
		3A6515872B9A6FF000BCD9E9 /* Frameworks */ = {
			isa = PBXFrameworksBuildPhase;
			buildActionMask = 2147483647;
			files = (
			);
			runOnlyForDeploymentPostprocessing = 0;
		};
		3A6515912B9A6FF000BCD9E9 /* Frameworks */ = {
			isa = PBXFrameworksBuildPhase;
			buildActionMask = 2147483647;
			files = (
			);
			runOnlyForDeploymentPostprocessing = 0;
		};
/* End PBXFrameworksBuildPhase section */

/* Begin PBXGroup section */
		3A65156B2B9A6FEF00BCD9E9 = {
			isa = PBXGroup;
			children = (
				3AC3C9662B9F7A1F00E2A225 /* ReminderCell.swift */,
				3A6515762B9A6FEF00BCD9E9 /* Reminder App */,
				3A65158D2B9A6FF000BCD9E9 /* Reminder AppTests */,
				3A6515972B9A6FF000BCD9E9 /* Reminder AppUITests */,
				3A6515752B9A6FEF00BCD9E9 /* Products */,
			);
			sourceTree = "<group>";
		};
		3A6515752B9A6FEF00BCD9E9 /* Products */ = {
			isa = PBXGroup;
			children = (
				3A6515742B9A6FEF00BCD9E9 /* Reminder App.app */,
				3A65158A2B9A6FF000BCD9E9 /* Reminder AppTests.xctest */,
				3A6515942B9A6FF000BCD9E9 /* Reminder AppUITests.xctest */,
			);
			name = Products;
			sourceTree = "<group>";
		};
		3A6515762B9A6FEF00BCD9E9 /* Reminder App */ = {
			isa = PBXGroup;
			children = (
				3A6515AB2B9A7EE400BCD9E9 /* Model */,
				3A6515772B9A6FEF00BCD9E9 /* AppDelegate.swift */,
				3A6515792B9A6FEF00BCD9E9 /* SceneDelegate.swift */,
				3A65157D2B9A6FEF00BCD9E9 /* Main.storyboard */,
				3A6515A92B9A7E8400BCD9E9 /* DetailViewController.swift */,
				3A6515A72B9A70DE00BCD9E9 /* ReminderViewController.swift */,
				3A6515802B9A6FF000BCD9E9 /* Assets.xcassets */,
				3A6515822B9A6FF000BCD9E9 /* LaunchScreen.storyboard */,
				3A6515852B9A6FF000BCD9E9 /* Info.plist */,
			);
			path = "Reminder App";
			sourceTree = "<group>";
		};
		3A65158D2B9A6FF000BCD9E9 /* Reminder AppTests */ = {
			isa = PBXGroup;
			children = (
				3A65158E2B9A6FF000BCD9E9 /* Reminder_AppTests.swift */,
			);
			path = "Reminder AppTests";
			sourceTree = "<group>";
		};
		3A6515972B9A6FF000BCD9E9 /* Reminder AppUITests */ = {
			isa = PBXGroup;
			children = (
				3A6515982B9A6FF000BCD9E9 /* Reminder_AppUITests.swift */,
				3A65159A2B9A6FF000BCD9E9 /* Reminder_AppUITestsLaunchTests.swift */,
			);
			path = "Reminder AppUITests";
			sourceTree = "<group>";
		};
		3A6515AB2B9A7EE400BCD9E9 /* Model */ = {
			isa = PBXGroup;
			children = (
				3A6515AC2B9A7EFF00BCD9E9 /* Reminder.swift */,
				3A6515AE2B9A801A00BCD9E9 /* ReminderList.swift */,
			);
			path = Model;
			sourceTree = "<group>";
		};
/* End PBXGroup section */

/* Begin PBXNativeTarget section */
		3A6515732B9A6FEF00BCD9E9 /* Reminder App */ = {
			isa = PBXNativeTarget;
			buildConfigurationList = 3A65159E2B9A6FF000BCD9E9 /* Build configuration list for PBXNativeTarget "Reminder App" */;
			buildPhases = (
				3A6515702B9A6FEF00BCD9E9 /* Sources */,
				3A6515712B9A6FEF00BCD9E9 /* Frameworks */,
				3A6515722B9A6FEF00BCD9E9 /* Resources */,
			);
			buildRules = (
			);
			dependencies = (
			);
			name = "Reminder App";
			productName = "Reminder App";
			productReference = 3A6515742B9A6FEF00BCD9E9 /* Reminder App.app */;
			productType = "com.apple.product-type.application";
		};
		3A6515892B9A6FF000BCD9E9 /* Reminder AppTests */ = {
			isa = PBXNativeTarget;
			buildConfigurationList = 3A6515A12B9A6FF000BCD9E9 /* Build configuration list for PBXNativeTarget "Reminder AppTests" */;
			buildPhases = (
				3A6515862B9A6FF000BCD9E9 /* Sources */,
				3A6515872B9A6FF000BCD9E9 /* Frameworks */,
				3A6515882B9A6FF000BCD9E9 /* Resources */,
			);
			buildRules = (
			);
			dependencies = (
				3A65158C2B9A6FF000BCD9E9 /* PBXTargetDependency */,
			);
			name = "Reminder AppTests";
			productName = "Reminder AppTests";
			productReference = 3A65158A2B9A6FF000BCD9E9 /* Reminder AppTests.xctest */;
			productType = "com.apple.product-type.bundle.unit-test";
		};
		3A6515932B9A6FF000BCD9E9 /* Reminder AppUITests */ = {
			isa = PBXNativeTarget;
			buildConfigurationList = 3A6515A42B9A6FF000BCD9E9 /* Build configuration list for PBXNativeTarget "Reminder AppUITests" */;
			buildPhases = (
				3A6515902B9A6FF000BCD9E9 /* Sources */,
				3A6515912B9A6FF000BCD9E9 /* Frameworks */,
				3A6515922B9A6FF000BCD9E9 /* Resources */,
			);
			buildRules = (
			);
			dependencies = (
				3A6515962B9A6FF000BCD9E9 /* PBXTargetDependency */,
			);
			name = "Reminder AppUITests";
			productName = "Reminder AppUITests";
			productReference = 3A6515942B9A6FF000BCD9E9 /* Reminder AppUITests.xctest */;
			productType = "com.apple.product-type.bundle.ui-testing";
		};
/* End PBXNativeTarget section */

/* Begin PBXProject section */
		3A65156C2B9A6FEF00BCD9E9 /* Project object */ = {
			isa = PBXProject;
			attributes = {
				BuildIndependentTargetsInParallel = 1;
				LastSwiftUpdateCheck = 1520;
				LastUpgradeCheck = 1520;
				TargetAttributes = {
					3A6515732B9A6FEF00BCD9E9 = {
						CreatedOnToolsVersion = 15.2;
					};
					3A6515892B9A6FF000BCD9E9 = {
						CreatedOnToolsVersion = 15.2;
						TestTargetID = 3A6515732B9A6FEF00BCD9E9;
					};
					3A6515932B9A6FF000BCD9E9 = {
						CreatedOnToolsVersion = 15.2;
						TestTargetID = 3A6515732B9A6FEF00BCD9E9;
					};
				};
			};
			buildConfigurationList = 3A65156F2B9A6FEF00BCD9E9 /* Build configuration list for PBXProject "Reminder App" */;
			compatibilityVersion = "Xcode 14.0";
			developmentRegion = en;
			hasScannedForEncodings = 0;
			knownRegions = (
				en,
				Base,
			);
			mainGroup = 3A65156B2B9A6FEF00BCD9E9;
			productRefGroup = 3A6515752B9A6FEF00BCD9E9 /* Products */;
			projectDirPath = "";
			projectRoot = "";
			targets = (
				3A6515732B9A6FEF00BCD9E9 /* Reminder App */,
				3A6515892B9A6FF000BCD9E9 /* Reminder AppTests */,
				3A6515932B9A6FF000BCD9E9 /* Reminder AppUITests */,
			);
		};
/* End PBXProject section */

/* Begin PBXResourcesBuildPhase section */
		3A6515722B9A6FEF00BCD9E9 /* Resources */ = {
			isa = PBXResourcesBuildPhase;
			buildActionMask = 2147483647;
			files = (
				3A6515842B9A6FF000BCD9E9 /* LaunchScreen.storyboard in Resources */,
				3A6515812B9A6FF000BCD9E9 /* Assets.xcassets in Resources */,
				3A65157F2B9A6FEF00BCD9E9 /* Main.storyboard in Resources */,
			);
			runOnlyForDeploymentPostprocessing = 0;
		};
		3A6515882B9A6FF000BCD9E9 /* Resources */ = {
			isa = PBXResourcesBuildPhase;
			buildActionMask = 2147483647;
			files = (
			);
			runOnlyForDeploymentPostprocessing = 0;
		};
		3A6515922B9A6FF000BCD9E9 /* Resources */ = {
			isa = PBXResourcesBuildPhase;
			buildActionMask = 2147483647;
			files = (
			);
			runOnlyForDeploymentPostprocessing = 0;
		};
/* End PBXResourcesBuildPhase section */

/* Begin PBXSourcesBuildPhase section */
		3A6515702B9A6FEF00BCD9E9 /* Sources */ = {
			isa = PBXSourcesBuildPhase;
			buildActionMask = 2147483647;
			files = (
				3A6515A82B9A70DE00BCD9E9 /* ReminderViewController.swift in Sources */,
				3A6515AF2B9A801A00BCD9E9 /* ReminderList.swift in Sources */,
				3A6515AA2B9A7E8400BCD9E9 /* DetailViewController.swift in Sources */,
				3AC3C9672B9F7A1F00E2A225 /* ReminderCell.swift in Sources */,
				3A6515AD2B9A7EFF00BCD9E9 /* Reminder.swift in Sources */,
				3A6515782B9A6FEF00BCD9E9 /* AppDelegate.swift in Sources */,
				3A65157A2B9A6FEF00BCD9E9 /* SceneDelegate.swift in Sources */,
			);
			runOnlyForDeploymentPostprocessing = 0;
		};
		3A6515862B9A6FF000BCD9E9 /* Sources */ = {
			isa = PBXSourcesBuildPhase;
			buildActionMask = 2147483647;
			files = (
				3A65158F2B9A6FF000BCD9E9 /* Reminder_AppTests.swift in Sources */,
			);
			runOnlyForDeploymentPostprocessing = 0;
		};
		3A6515902B9A6FF000BCD9E9 /* Sources */ = {
			isa = PBXSourcesBuildPhase;
			buildActionMask = 2147483647;
			files = (
				3A65159B2B9A6FF000BCD9E9 /* Reminder_AppUITestsLaunchTests.swift in Sources */,
				3A6515992B9A6FF000BCD9E9 /* Reminder_AppUITests.swift in Sources */,
			);
			runOnlyForDeploymentPostprocessing = 0;
		};
/* End PBXSourcesBuildPhase section */

/* Begin PBXTargetDependency section */
		3A65158C2B9A6FF000BCD9E9 /* PBXTargetDependency */ = {
			isa = PBXTargetDependency;
			target = 3A6515732B9A6FEF00BCD9E9 /* Reminder App */;
			targetProxy = 3A65158B2B9A6FF000BCD9E9 /* PBXContainerItemProxy */;
		};
		3A6515962B9A6FF000BCD9E9 /* PBXTargetDependency */ = {
			isa = PBXTargetDependency;
			target = 3A6515732B9A6FEF00BCD9E9 /* Reminder App */;
			targetProxy = 3A6515952B9A6FF000BCD9E9 /* PBXContainerItemProxy */;
		};
/* End PBXTargetDependency section */

/* Begin PBXVariantGroup section */
		3A65157D2B9A6FEF00BCD9E9 /* Main.storyboard */ = {
			isa = PBXVariantGroup;
			children = (
				3A65157E2B9A6FEF00BCD9E9 /* Base */,
			);
			name = Main.storyboard;
			sourceTree = "<group>";
		};
		3A6515822B9A6FF000BCD9E9 /* LaunchScreen.storyboard */ = {
			isa = PBXVariantGroup;
			children = (
				3A6515832B9A6FF000BCD9E9 /* Base */,
			);
			name = LaunchScreen.storyboard;
			sourceTree = "<group>";
		};
/* End PBXVariantGroup section */

/* Begin XCBuildConfiguration section */
		3A65159C2B9A6FF000BCD9E9 /* Debug */ = {
			isa = XCBuildConfiguration;
			buildSettings = {
				ALWAYS_SEARCH_USER_PATHS = NO;
				ASSETCATALOG_COMPILER_GENERATE_SWIFT_ASSET_SYMBOL_EXTENSIONS = YES;
				CLANG_ANALYZER_NONNULL = YES;
				CLANG_ANALYZER_NUMBER_OBJECT_CONVERSION = YES_AGGRESSIVE;
				CLANG_CXX_LANGUAGE_STANDARD = "gnu++20";
				CLANG_ENABLE_MODULES = YES;
				CLANG_ENABLE_OBJC_ARC = YES;
				CLANG_ENABLE_OBJC_WEAK = YES;
				CLANG_WARN_BLOCK_CAPTURE_AUTORELEASING = YES;
				CLANG_WARN_BOOL_CONVERSION = YES;
				CLANG_WARN_COMMA = YES;
				CLANG_WARN_CONSTANT_CONVERSION = YES;
				CLANG_WARN_DEPRECATED_OBJC_IMPLEMENTATIONS = YES;
				CLANG_WARN_DIRECT_OBJC_ISA_USAGE = YES_ERROR;
				CLANG_WARN_DOCUMENTATION_COMMENTS = YES;
				CLANG_WARN_EMPTY_BODY = YES;
				CLANG_WARN_ENUM_CONVERSION = YES;
				CLANG_WARN_INFINITE_RECURSION = YES;
				CLANG_WARN_INT_CONVERSION = YES;
				CLANG_WARN_NON_LITERAL_NULL_CONVERSION = YES;
				CLANG_WARN_OBJC_IMPLICIT_RETAIN_SELF = YES;
				CLANG_WARN_OBJC_LITERAL_CONVERSION = YES;
				CLANG_WARN_OBJC_ROOT_CLASS = YES_ERROR;
				CLANG_WARN_QUOTED_INCLUDE_IN_FRAMEWORK_HEADER = YES;
				CLANG_WARN_RANGE_LOOP_ANALYSIS = YES;
				CLANG_WARN_STRICT_PROTOTYPES = YES;
				CLANG_WARN_SUSPICIOUS_MOVE = YES;
				CLANG_WARN_UNGUARDED_AVAILABILITY = YES_AGGRESSIVE;
				CLANG_WARN_UNREACHABLE_CODE = YES;
				CLANG_WARN__DUPLICATE_METHOD_MATCH = YES;
				COPY_PHASE_STRIP = NO;
				DEBUG_INFORMATION_FORMAT = dwarf;
				ENABLE_STRICT_OBJC_MSGSEND = YES;
				ENABLE_TESTABILITY = YES;
				ENABLE_USER_SCRIPT_SANDBOXING = YES;
				GCC_C_LANGUAGE_STANDARD = gnu17;
				GCC_DYNAMIC_NO_PIC = NO;
				GCC_NO_COMMON_BLOCKS = YES;
				GCC_OPTIMIZATION_LEVEL = 0;
				GCC_PREPROCESSOR_DEFINITIONS = (
					"DEBUG=1",
					"$(inherited)",
				);
				GCC_WARN_64_TO_32_BIT_CONVERSION = YES;
				GCC_WARN_ABOUT_RETURN_TYPE = YES_ERROR;
				GCC_WARN_UNDECLARED_SELECTOR = YES;
				GCC_WARN_UNINITIALIZED_AUTOS = YES_AGGRESSIVE;
				GCC_WARN_UNUSED_FUNCTION = YES;
				GCC_WARN_UNUSED_VARIABLE = YES;
				IPHONEOS_DEPLOYMENT_TARGET = 17.2;
				LOCALIZATION_PREFERS_STRING_CATALOGS = YES;
				MTL_ENABLE_DEBUG_INFO = INCLUDE_SOURCE;
				MTL_FAST_MATH = YES;
				ONLY_ACTIVE_ARCH = YES;
				SDKROOT = iphoneos;
				SWIFT_ACTIVE_COMPILATION_CONDITIONS = "DEBUG $(inherited)";
				SWIFT_OPTIMIZATION_LEVEL = "-Onone";
			};
			name = Debug;
		};
		3A65159D2B9A6FF000BCD9E9 /* Release */ = {
			isa = XCBuildConfiguration;
			buildSettings = {
				ALWAYS_SEARCH_USER_PATHS = NO;
				ASSETCATALOG_COMPILER_GENERATE_SWIFT_ASSET_SYMBOL_EXTENSIONS = YES;
				CLANG_ANALYZER_NONNULL = YES;
				CLANG_ANALYZER_NUMBER_OBJECT_CONVERSION = YES_AGGRESSIVE;
				CLANG_CXX_LANGUAGE_STANDARD = "gnu++20";
				CLANG_ENABLE_MODULES = YES;
				CLANG_ENABLE_OBJC_ARC = YES;
				CLANG_ENABLE_OBJC_WEAK = YES;
				CLANG_WARN_BLOCK_CAPTURE_AUTORELEASING = YES;
				CLANG_WARN_BOOL_CONVERSION = YES;
				CLANG_WARN_COMMA = YES;
				CLANG_WARN_CONSTANT_CONVERSION = YES;
				CLANG_WARN_DEPRECATED_OBJC_IMPLEMENTATIONS = YES;
				CLANG_WARN_DIRECT_OBJC_ISA_USAGE = YES_ERROR;
				CLANG_WARN_DOCUMENTATION_COMMENTS = YES;
				CLANG_WARN_EMPTY_BODY = YES;
				CLANG_WARN_ENUM_CONVERSION = YES;
				CLANG_WARN_INFINITE_RECURSION = YES;
				CLANG_WARN_INT_CONVERSION = YES;
				CLANG_WARN_NON_LITERAL_NULL_CONVERSION = YES;
				CLANG_WARN_OBJC_IMPLICIT_RETAIN_SELF = YES;
				CLANG_WARN_OBJC_LITERAL_CONVERSION = YES;
				CLANG_WARN_OBJC_ROOT_CLASS = YES_ERROR;
				CLANG_WARN_QUOTED_INCLUDE_IN_FRAMEWORK_HEADER = YES;
				CLANG_WARN_RANGE_LOOP_ANALYSIS = YES;
				CLANG_WARN_STRICT_PROTOTYPES = YES;
				CLANG_WARN_SUSPICIOUS_MOVE = YES;
				CLANG_WARN_UNGUARDED_AVAILABILITY = YES_AGGRESSIVE;
				CLANG_WARN_UNREACHABLE_CODE = YES;
				CLANG_WARN__DUPLICATE_METHOD_MATCH = YES;
				COPY_PHASE_STRIP = NO;
				DEBUG_INFORMATION_FORMAT = "dwarf-with-dsym";
				ENABLE_NS_ASSERTIONS = NO;
				ENABLE_STRICT_OBJC_MSGSEND = YES;
				ENABLE_USER_SCRIPT_SANDBOXING = YES;
				GCC_C_LANGUAGE_STANDARD = gnu17;
				GCC_NO_COMMON_BLOCKS = YES;
				GCC_WARN_64_TO_32_BIT_CONVERSION = YES;
				GCC_WARN_ABOUT_RETURN_TYPE = YES_ERROR;
				GCC_WARN_UNDECLARED_SELECTOR = YES;
				GCC_WARN_UNINITIALIZED_AUTOS = YES_AGGRESSIVE;
				GCC_WARN_UNUSED_FUNCTION = YES;
				GCC_WARN_UNUSED_VARIABLE = YES;
				IPHONEOS_DEPLOYMENT_TARGET = 17.2;
				LOCALIZATION_PREFERS_STRING_CATALOGS = YES;
				MTL_ENABLE_DEBUG_INFO = NO;
				MTL_FAST_MATH = YES;
				SDKROOT = iphoneos;
				SWIFT_COMPILATION_MODE = wholemodule;
				VALIDATE_PRODUCT = YES;
			};
			name = Release;
		};
		3A65159F2B9A6FF000BCD9E9 /* Debug */ = {
			isa = XCBuildConfiguration;
			buildSettings = {
				ASSETCATALOG_COMPILER_APPICON_NAME = AppIcon;
				ASSETCATALOG_COMPILER_GLOBAL_ACCENT_COLOR_NAME = AccentColor;
				CODE_SIGN_STYLE = Automatic;
				CURRENT_PROJECT_VERSION = 1;
				DEVELOPMENT_TEAM = 7XYF2Z5FKX;
				GENERATE_INFOPLIST_FILE = YES;
				INFOPLIST_FILE = "Reminder App/Info.plist";
				INFOPLIST_KEY_UIApplicationSupportsIndirectInputEvents = YES;
				INFOPLIST_KEY_UILaunchStoryboardName = LaunchScreen;
				INFOPLIST_KEY_UIMainStoryboardFile = Main;
				INFOPLIST_KEY_UISupportedInterfaceOrientations_iPad = "UIInterfaceOrientationPortrait UIInterfaceOrientationPortraitUpsideDown UIInterfaceOrientationLandscapeLeft UIInterfaceOrientationLandscapeRight";
				INFOPLIST_KEY_UISupportedInterfaceOrientations_iPhone = "UIInterfaceOrientationPortrait UIInterfaceOrientationLandscapeLeft UIInterfaceOrientationLandscapeRight";
				LD_RUNPATH_SEARCH_PATHS = (
					"$(inherited)",
					"@executable_path/Frameworks",
				);
				MARKETING_VERSION = 1.0;
				PRODUCT_BUNDLE_IDENTIFIER = "Hamit-Sehjal.Reminder-App";
				PRODUCT_NAME = "$(TARGET_NAME)";
				SWIFT_EMIT_LOC_STRINGS = YES;
				SWIFT_VERSION = 5.0;
				TARGETED_DEVICE_FAMILY = "1,2";
			};
			name = Debug;
		};
		3A6515A02B9A6FF000BCD9E9 /* Release */ = {
			isa = XCBuildConfiguration;
			buildSettings = {
				ASSETCATALOG_COMPILER_APPICON_NAME = AppIcon;
				ASSETCATALOG_COMPILER_GLOBAL_ACCENT_COLOR_NAME = AccentColor;
				CODE_SIGN_STYLE = Automatic;
				CURRENT_PROJECT_VERSION = 1;
				DEVELOPMENT_TEAM = 7XYF2Z5FKX;
				GENERATE_INFOPLIST_FILE = YES;
				INFOPLIST_FILE = "Reminder App/Info.plist";
				INFOPLIST_KEY_UIApplicationSupportsIndirectInputEvents = YES;
				INFOPLIST_KEY_UILaunchStoryboardName = LaunchScreen;
				INFOPLIST_KEY_UIMainStoryboardFile = Main;
				INFOPLIST_KEY_UISupportedInterfaceOrientations_iPad = "UIInterfaceOrientationPortrait UIInterfaceOrientationPortraitUpsideDown UIInterfaceOrientationLandscapeLeft UIInterfaceOrientationLandscapeRight";
				INFOPLIST_KEY_UISupportedInterfaceOrientations_iPhone = "UIInterfaceOrientationPortrait UIInterfaceOrientationLandscapeLeft UIInterfaceOrientationLandscapeRight";
				LD_RUNPATH_SEARCH_PATHS = (
					"$(inherited)",
					"@executable_path/Frameworks",
				);
				MARKETING_VERSION = 1.0;
				PRODUCT_BUNDLE_IDENTIFIER = "Hamit-Sehjal.Reminder-App";
				PRODUCT_NAME = "$(TARGET_NAME)";
				SWIFT_EMIT_LOC_STRINGS = YES;
				SWIFT_VERSION = 5.0;
				TARGETED_DEVICE_FAMILY = "1,2";
			};
			name = Release;
		};
		3A6515A22B9A6FF000BCD9E9 /* Debug */ = {
			isa = XCBuildConfiguration;
			buildSettings = {
				ALWAYS_EMBED_SWIFT_STANDARD_LIBRARIES = YES;
				BUNDLE_LOADER = "$(TEST_HOST)";
				CODE_SIGN_STYLE = Automatic;
				CURRENT_PROJECT_VERSION = 1;
				DEVELOPMENT_TEAM = 7XYF2Z5FKX;
				GENERATE_INFOPLIST_FILE = YES;
				IPHONEOS_DEPLOYMENT_TARGET = 17.2;
				MARKETING_VERSION = 1.0;
				PRODUCT_BUNDLE_IDENTIFIER = "Hamit-Sehjal.Reminder-AppTests";
				PRODUCT_NAME = "$(TARGET_NAME)";
				SWIFT_EMIT_LOC_STRINGS = NO;
				SWIFT_VERSION = 5.0;
				TARGETED_DEVICE_FAMILY = "1,2";
				TEST_HOST = "$(BUILT_PRODUCTS_DIR)/Reminder App.app/$(BUNDLE_EXECUTABLE_FOLDER_PATH)/Reminder App";
			};
			name = Debug;
		};
		3A6515A32B9A6FF000BCD9E9 /* Release */ = {
			isa = XCBuildConfiguration;
			buildSettings = {
				ALWAYS_EMBED_SWIFT_STANDARD_LIBRARIES = YES;
				BUNDLE_LOADER = "$(TEST_HOST)";
				CODE_SIGN_STYLE = Automatic;
				CURRENT_PROJECT_VERSION = 1;
				DEVELOPMENT_TEAM = 7XYF2Z5FKX;
				GENERATE_INFOPLIST_FILE = YES;
				IPHONEOS_DEPLOYMENT_TARGET = 17.2;
				MARKETING_VERSION = 1.0;
				PRODUCT_BUNDLE_IDENTIFIER = "Hamit-Sehjal.Reminder-AppTests";
				PRODUCT_NAME = "$(TARGET_NAME)";
				SWIFT_EMIT_LOC_STRINGS = NO;
				SWIFT_VERSION = 5.0;
				TARGETED_DEVICE_FAMILY = "1,2";
				TEST_HOST = "$(BUILT_PRODUCTS_DIR)/Reminder App.app/$(BUNDLE_EXECUTABLE_FOLDER_PATH)/Reminder App";
			};
			name = Release;
		};
		3A6515A52B9A6FF000BCD9E9 /* Debug */ = {
			isa = XCBuildConfiguration;
			buildSettings = {
				ALWAYS_EMBED_SWIFT_STANDARD_LIBRARIES = YES;
				CODE_SIGN_STYLE = Automatic;
				CURRENT_PROJECT_VERSION = 1;
				DEVELOPMENT_TEAM = 7XYF2Z5FKX;
				GENERATE_INFOPLIST_FILE = YES;
				MARKETING_VERSION = 1.0;
				PRODUCT_BUNDLE_IDENTIFIER = "Hamit-Sehjal.Reminder-AppUITests";
				PRODUCT_NAME = "$(TARGET_NAME)";
				SWIFT_EMIT_LOC_STRINGS = NO;
				SWIFT_VERSION = 5.0;
				TARGETED_DEVICE_FAMILY = "1,2";
				TEST_TARGET_NAME = "Reminder App";
			};
			name = Debug;
		};
		3A6515A62B9A6FF000BCD9E9 /* Release */ = {
			isa = XCBuildConfiguration;
			buildSettings = {
				ALWAYS_EMBED_SWIFT_STANDARD_LIBRARIES = YES;
				CODE_SIGN_STYLE = Automatic;
				CURRENT_PROJECT_VERSION = 1;
				DEVELOPMENT_TEAM = 7XYF2Z5FKX;
				GENERATE_INFOPLIST_FILE = YES;
				MARKETING_VERSION = 1.0;
				PRODUCT_BUNDLE_IDENTIFIER = "Hamit-Sehjal.Reminder-AppUITests";
				PRODUCT_NAME = "$(TARGET_NAME)";
				SWIFT_EMIT_LOC_STRINGS = NO;
				SWIFT_VERSION = 5.0;
				TARGETED_DEVICE_FAMILY = "1,2";
				TEST_TARGET_NAME = "Reminder App";
			};
			name = Release;
		};
/* End XCBuildConfiguration section */

/* Begin XCConfigurationList section */
		3A65156F2B9A6FEF00BCD9E9 /* Build configuration list for PBXProject "Reminder App" */ = {
			isa = XCConfigurationList;
			buildConfigurations = (
				3A65159C2B9A6FF000BCD9E9 /* Debug */,
				3A65159D2B9A6FF000BCD9E9 /* Release */,
			);
			defaultConfigurationIsVisible = 0;
			defaultConfigurationName = Release;
		};
		3A65159E2B9A6FF000BCD9E9 /* Build configuration list for PBXNativeTarget "Reminder App" */ = {
			isa = XCConfigurationList;
			buildConfigurations = (
				3A65159F2B9A6FF000BCD9E9 /* Debug */,
				3A6515A02B9A6FF000BCD9E9 /* Release */,
			);
			defaultConfigurationIsVisible = 0;
			defaultConfigurationName = Release;
		};
		3A6515A12B9A6FF000BCD9E9 /* Build configuration list for PBXNativeTarget "Reminder AppTests" */ = {
			isa = XCConfigurationList;
			buildConfigurations = (
				3A6515A22B9A6FF000BCD9E9 /* Debug */,
				3A6515A32B9A6FF000BCD9E9 /* Release */,
			);
			defaultConfigurationIsVisible = 0;
			defaultConfigurationName = Release;
		};
		3A6515A42B9A6FF000BCD9E9 /* Build configuration list for PBXNativeTarget "Reminder AppUITests" */ = {
			isa = XCConfigurationList;
			buildConfigurations = (
				3A6515A52B9A6FF000BCD9E9 /* Debug */,
				3A6515A62B9A6FF000BCD9E9 /* Release */,
			);
			defaultConfigurationIsVisible = 0;
			defaultConfigurationName = Release;
		};
/* End XCConfigurationList section */
	};
	rootObject = 3A65156C2B9A6FEF00BCD9E9 /* Project object */;
}
